
Microsoft Visual Studio Solution File, Format Version 12.00
# Visual Studio 15
VisualStudioVersion = 15.0.27004.2008
MinimumVisualStudioVersion = 10.0.40219.1
Project("{FAE04EC0-301F-11D3-BF4B-00C04F79EFBC}") = "CompetencyFrameworkWebsite", "CompetencyFrameworkWebsite\CompetencyFrameworkWebsite.csproj", "{304E1E71-51F8-4D16-915A-AED8BFA25BAF}"
EndProject
Global
	GlobalSection(SolutionConfigurationPlatforms) = preSolution
		Debug|Any CPU = Debug|Any CPU
		Release|Any CPU = Release|Any CPU
	EndGlobalSection
	GlobalSection(ProjectConfigurationPlatforms) = postSolution
		{304E1E71-51F8-4D16-915A-AED8BFA25BAF}.Debug|Any CPU.ActiveCfg = Debug|Any CPU
		{304E1E71-51F8-4D16-915A-AED8BFA25BAF}.Debug|Any CPU.Build.0 = Debug|Any CPU
		{304E1E71-51F8-4D16-915A-AED8BFA25BAF}.Release|Any CPU.ActiveCfg = Release|Any CPU
		{304E1E71-51F8-4D16-915A-AED8BFA25BAF}.Release|Any CPU.Build.0 = Release|Any CPU
	EndGlobalSection
	GlobalSection(SolutionProperties) = preSolution
		HideSolutionNode = FALSE
	EndGlobalSection
	GlobalSection(ExtensibilityGlobals) = postSolution
		SolutionGuid = {B6D52C4E-968D-4236-9ACF-417E9D73D6A5}
	EndGlobalSection
EndGlobal
